
Microsoft Visual Studio Solution File, Format Version 12.00
# Visual Studio 15
VisualStudioVersion = 15.0.27004.2009
MinimumVisualStudioVersion = 10.0.40219.1
Project("{9A19103F-16F7-4668-BE54-9A1E7A4F7556}") = "LoanCalculator.Standard", "LoanCalculator.Standard\LoanCalculator.Standard.csproj", "{9B3436F1-177A-44D0-B49C-49AAB17207EB}"
EndProject
Project("{FAE04EC0-301F-11D3-BF4B-00C04F79EFBC}") = "LoanCalculator.XamarinAndroid", "LoanCalculator.XamarinAndroid\LoanCalculator.XamarinAndroid.csproj", "{0B1EB1B5-665D-4F18-B4DC-DF690A0781C3}"
EndProject
Project("{FAE04EC0-301F-11D3-BF4B-00C04F79EFBC}") = "LoanCalculator.ConsoleApp", "LoanCalculator.ConsoleApp\LoanCalculator.ConsoleApp.csproj", "{B5F9906C-5000-4796-9D35-7A8FB839579A}"
EndProject
Project("{FAE04EC0-301F-11D3-BF4B-00C04F79EFBC}") = "LoanCalculator.XamariniOS", "LoanCalculator.XamariniOS\LoanCalculator.XamariniOS.csproj", "{15B9E509-DE4C-456A-8444-1094DB037138}"
EndProject
Project("{FAE04EC0-301F-11D3-BF4B-00C04F79EFBC}") = "LoanCalculator.WinForm", "LoanCalculator.WinForm\LoanCalculator.WinForm.csproj", "{E3C6D4AA-CE75-4861-8D31-4AB218A7B6B4}"
EndProject
Project("{FAE04EC0-301F-11D3-BF4B-00C04F79EFBC}") = "LoanCalculator.ASP", "LoanCalculator.ASP\LoanCalculator.ASP.csproj", "{3FE63E7F-15EA-4A5A-AF46-E86AA8D1238C}"
EndProject
Project("{FAE04EC0-301F-11D3-BF4B-00C04F79EFBC}") = "LoanCalculator.XamarinForms.Android", "LoanCalculator.XamarinForms\LoanCalculator.XamarinForms.Android\LoanCalculator.XamarinForms.Android.csproj", "{A73671D4-D825-4F72-B192-5E5893FBC637}"
EndProject
Project("{FAE04EC0-301F-11D3-BF4B-00C04F79EFBC}") = "LoanCalculator.XamarinForms", "LoanCalculator.XamarinForms\LoanCalculator.XamarinForms\LoanCalculator.XamarinForms.csproj", "{42A886FA-0D8A-4797-8146-D746F0DF6F3C}"
EndProject
Project("{FAE04EC0-301F-11D3-BF4B-00C04F79EFBC}") = "LoanCalculator.XamarinForms.UWP", "LoanCalculator.XamarinForms\LoanCalculator.XamarinForms.UWP\LoanCalculator.XamarinForms.UWP.csproj", "{ED6892CE-5EAE-4EEC-954F-059A3EA9E5A9}"
EndProject
Project("{FAE04EC0-301F-11D3-BF4B-00C04F79EFBC}") = "LoanCalculator.XamarinForms.iOS", "LoanCalculator.XamarinForms\LoanCalculator.XamarinForms.iOS\LoanCalculator.XamarinForms.iOS.csproj", "{8C609EB7-3D8A-4697-955A-D6AEE88ACD00}"
EndProject
Project("{FAE04EC0-301F-11D3-BF4B-00C04F79EFBC}") = "LoanCalculator.UWP", "LoanCalculator.UWP\LoanCalculator.UWP.csproj", "{BBEA4ABE-4181-49CB-B819-B2C1E1D56829}"
EndProject
Project("{FAE04EC0-301F-11D3-BF4B-00C04F79EFBC}") = "UITestAndroid", "UITestAndroid\UITestAndroid.csproj", "{B337BC1C-0A5C-4BA0-87ED-3DF5415E0F25}"
EndProject
Project("{FAE04EC0-301F-11D3-BF4B-00C04F79EFBC}") = "UITestiOS", "UITestiOS\UITestiOS.csproj", "{F68A8EE8-EC85-4E0B-B65E-2386860DD5D3}"
EndProject
Global
	GlobalSection(SolutionConfigurationPlatforms) = preSolution
		Ad-Hoc|Any CPU = Ad-Hoc|Any CPU
		Ad-Hoc|ARM = Ad-Hoc|ARM
		Ad-Hoc|iPhone = Ad-Hoc|iPhone
		Ad-Hoc|iPhoneSimulator = Ad-Hoc|iPhoneSimulator
		Ad-Hoc|x64 = Ad-Hoc|x64
		Ad-Hoc|x86 = Ad-Hoc|x86
		AppStore|Any CPU = AppStore|Any CPU
		AppStore|ARM = AppStore|ARM
		AppStore|iPhone = AppStore|iPhone
		AppStore|iPhoneSimulator = AppStore|iPhoneSimulator
		AppStore|x64 = AppStore|x64
		AppStore|x86 = AppStore|x86
		Debug|Any CPU = Debug|Any CPU
		Debug|ARM = Debug|ARM
		Debug|iPhone = Debug|iPhone
		Debug|iPhoneSimulator = Debug|iPhoneSimulator
		Debug|x64 = Debug|x64
		Debug|x86 = Debug|x86
		Release|Any CPU = Release|Any CPU
		Release|ARM = Release|ARM
		Release|iPhone = Release|iPhone
		Release|iPhoneSimulator = Release|iPhoneSimulator
		Release|x64 = Release|x64
		Release|x86 = Release|x86
	EndGlobalSection
	GlobalSection(ProjectConfigurationPlatforms) = postSolution
		{9B3436F1-177A-44D0-B49C-49AAB17207EB}.Ad-Hoc|Any CPU.ActiveCfg = Debug|Any CPU
		{9B3436F1-177A-44D0-B49C-49AAB17207EB}.Ad-Hoc|Any CPU.Build.0 = Debug|Any CPU
		{9B3436F1-177A-44D0-B49C-49AAB17207EB}.Ad-Hoc|ARM.ActiveCfg = Debug|Any CPU
		{9B3436F1-177A-44D0-B49C-49AAB17207EB}.Ad-Hoc|ARM.Build.0 = Debug|Any CPU
		{9B3436F1-177A-44D0-B49C-49AAB17207EB}.Ad-Hoc|iPhone.ActiveCfg = Debug|Any CPU
		{9B3436F1-177A-44D0-B49C-49AAB17207EB}.Ad-Hoc|iPhone.Build.0 = Debug|Any CPU
		{9B3436F1-177A-44D0-B49C-49AAB17207EB}.Ad-Hoc|iPhoneSimulator.ActiveCfg = Debug|Any CPU
		{9B3436F1-177A-44D0-B49C-49AAB17207EB}.Ad-Hoc|iPhoneSimulator.Build.0 = Debug|Any CPU
		{9B3436F1-177A-44D0-B49C-49AAB17207EB}.Ad-Hoc|x64.ActiveCfg = Debug|Any CPU
		{9B3436F1-177A-44D0-B49C-49AAB17207EB}.Ad-Hoc|x64.Build.0 = Debug|Any CPU
		{9B3436F1-177A-44D0-B49C-49AAB17207EB}.Ad-Hoc|x86.ActiveCfg = Debug|Any CPU
		{9B3436F1-177A-44D0-B49C-49AAB17207EB}.Ad-Hoc|x86.Build.0 = Debug|Any CPU
		{9B3436F1-177A-44D0-B49C-49AAB17207EB}.AppStore|Any CPU.ActiveCfg = Debug|Any CPU
		{9B3436F1-177A-44D0-B49C-49AAB17207EB}.AppStore|Any CPU.Build.0 = Debug|Any CPU
		{9B3436F1-177A-44D0-B49C-49AAB17207EB}.AppStore|ARM.ActiveCfg = Debug|Any CPU
		{9B3436F1-177A-44D0-B49C-49AAB17207EB}.AppStore|ARM.Build.0 = Debug|Any CPU
		{9B3436F1-177A-44D0-B49C-49AAB17207EB}.AppStore|iPhone.ActiveCfg = Debug|Any CPU
		{9B3436F1-177A-44D0-B49C-49AAB17207EB}.AppStore|iPhone.Build.0 = Debug|Any CPU
		{9B3436F1-177A-44D0-B49C-49AAB17207EB}.AppStore|iPhoneSimulator.ActiveCfg = Debug|Any CPU
		{9B3436F1-177A-44D0-B49C-49AAB17207EB}.AppStore|iPhoneSimulator.Build.0 = Debug|Any CPU
		{9B3436F1-177A-44D0-B49C-49AAB17207EB}.AppStore|x64.ActiveCfg = Debug|Any CPU
		{9B3436F1-177A-44D0-B49C-49AAB17207EB}.AppStore|x64.Build.0 = Debug|Any CPU
		{9B3436F1-177A-44D0-B49C-49AAB17207EB}.AppStore|x86.ActiveCfg = Debug|Any CPU
		{9B3436F1-177A-44D0-B49C-49AAB17207EB}.AppStore|x86.Build.0 = Debug|Any CPU
		{9B3436F1-177A-44D0-B49C-49AAB17207EB}.Debug|Any CPU.ActiveCfg = Debug|Any CPU
		{9B3436F1-177A-44D0-B49C-49AAB17207EB}.Debug|Any CPU.Build.0 = Debug|Any CPU
		{9B3436F1-177A-44D0-B49C-49AAB17207EB}.Debug|ARM.ActiveCfg = Debug|Any CPU
		{9B3436F1-177A-44D0-B49C-49AAB17207EB}.Debug|ARM.Build.0 = Debug|Any CPU
		{9B3436F1-177A-44D0-B49C-49AAB17207EB}.Debug|iPhone.ActiveCfg = Debug|Any CPU
		{9B3436F1-177A-44D0-B49C-49AAB17207EB}.Debug|iPhone.Build.0 = Debug|Any CPU
		{9B3436F1-177A-44D0-B49C-49AAB17207EB}.Debug|iPhoneSimulator.ActiveCfg = Debug|Any CPU
		{9B3436F1-177A-44D0-B49C-49AAB17207EB}.Debug|iPhoneSimulator.Build.0 = Debug|Any CPU
		{9B3436F1-177A-44D0-B49C-49AAB17207EB}.Debug|x64.ActiveCfg = Debug|Any CPU
		{9B3436F1-177A-44D0-B49C-49AAB17207EB}.Debug|x64.Build.0 = Debug|Any CPU
		{9B3436F1-177A-44D0-B49C-49AAB17207EB}.Debug|x86.ActiveCfg = Debug|Any CPU
		{9B3436F1-177A-44D0-B49C-49AAB17207EB}.Debug|x86.Build.0 = Debug|Any CPU
		{9B3436F1-177A-44D0-B49C-49AAB17207EB}.Release|Any CPU.ActiveCfg = Release|Any CPU
		{9B3436F1-177A-44D0-B49C-49AAB17207EB}.Release|Any CPU.Build.0 = Release|Any CPU
		{9B3436F1-177A-44D0-B49C-49AAB17207EB}.Release|ARM.ActiveCfg = Release|Any CPU
		{9B3436F1-177A-44D0-B49C-49AAB17207EB}.Release|ARM.Build.0 = Release|Any CPU
		{9B3436F1-177A-44D0-B49C-49AAB17207EB}.Release|iPhone.ActiveCfg = Release|Any CPU
		{9B3436F1-177A-44D0-B49C-49AAB17207EB}.Release|iPhone.Build.0 = Release|Any CPU
		{9B3436F1-177A-44D0-B49C-49AAB17207EB}.Release|iPhoneSimulator.ActiveCfg = Release|Any CPU
		{9B3436F1-177A-44D0-B49C-49AAB17207EB}.Release|iPhoneSimulator.Build.0 = Release|Any CPU
		{9B3436F1-177A-44D0-B49C-49AAB17207EB}.Release|x64.ActiveCfg = Release|Any CPU
		{9B3436F1-177A-44D0-B49C-49AAB17207EB}.Release|x64.Build.0 = Release|Any CPU
		{9B3436F1-177A-44D0-B49C-49AAB17207EB}.Release|x86.ActiveCfg = Release|Any CPU
		{9B3436F1-177A-44D0-B49C-49AAB17207EB}.Release|x86.Build.0 = Release|Any CPU
		{0B1EB1B5-665D-4F18-B4DC-DF690A0781C3}.Ad-Hoc|Any CPU.ActiveCfg = Release|Any CPU
		{0B1EB1B5-665D-4F18-B4DC-DF690A0781C3}.Ad-Hoc|Any CPU.Build.0 = Release|Any CPU
		{0B1EB1B5-665D-4F18-B4DC-DF690A0781C3}.Ad-Hoc|Any CPU.Deploy.0 = Release|Any CPU
		{0B1EB1B5-665D-4F18-B4DC-DF690A0781C3}.Ad-Hoc|ARM.ActiveCfg = Release|Any CPU
		{0B1EB1B5-665D-4F18-B4DC-DF690A0781C3}.Ad-Hoc|ARM.Build.0 = Release|Any CPU
		{0B1EB1B5-665D-4F18-B4DC-DF690A0781C3}.Ad-Hoc|ARM.Deploy.0 = Release|Any CPU
		{0B1EB1B5-665D-4F18-B4DC-DF690A0781C3}.Ad-Hoc|iPhone.ActiveCfg = Release|Any CPU
		{0B1EB1B5-665D-4F18-B4DC-DF690A0781C3}.Ad-Hoc|iPhone.Build.0 = Release|Any CPU
		{0B1EB1B5-665D-4F18-B4DC-DF690A0781C3}.Ad-Hoc|iPhone.Deploy.0 = Release|Any CPU
		{0B1EB1B5-665D-4F18-B4DC-DF690A0781C3}.Ad-Hoc|iPhoneSimulator.ActiveCfg = Release|Any CPU
		{0B1EB1B5-665D-4F18-B4DC-DF690A0781C3}.Ad-Hoc|iPhoneSimulator.Build.0 = Release|Any CPU
		{0B1EB1B5-665D-4F18-B4DC-DF690A0781C3}.Ad-Hoc|iPhoneSimulator.Deploy.0 = Release|Any CPU
		{0B1EB1B5-665D-4F18-B4DC-DF690A0781C3}.Ad-Hoc|x64.ActiveCfg = Release|Any CPU
		{0B1EB1B5-665D-4F18-B4DC-DF690A0781C3}.Ad-Hoc|x64.Build.0 = Release|Any CPU
		{0B1EB1B5-665D-4F18-B4DC-DF690A0781C3}.Ad-Hoc|x64.Deploy.0 = Release|Any CPU
		{0B1EB1B5-665D-4F18-B4DC-DF690A0781C3}.Ad-Hoc|x86.ActiveCfg = Release|Any CPU
		{0B1EB1B5-665D-4F18-B4DC-DF690A0781C3}.Ad-Hoc|x86.Build.0 = Release|Any CPU
		{0B1EB1B5-665D-4F18-B4DC-DF690A0781C3}.Ad-Hoc|x86.Deploy.0 = Release|Any CPU
		{0B1EB1B5-665D-4F18-B4DC-DF690A0781C3}.AppStore|Any CPU.ActiveCfg = Release|Any CPU
		{0B1EB1B5-665D-4F18-B4DC-DF690A0781C3}.AppStore|Any CPU.Build.0 = Release|Any CPU
		{0B1EB1B5-665D-4F18-B4DC-DF690A0781C3}.AppStore|Any CPU.Deploy.0 = Release|Any CPU
		{0B1EB1B5-665D-4F18-B4DC-DF690A0781C3}.AppStore|ARM.ActiveCfg = Release|Any CPU
		{0B1EB1B5-665D-4F18-B4DC-DF690A0781C3}.AppStore|ARM.Build.0 = Release|Any CPU
		{0B1EB1B5-665D-4F18-B4DC-DF690A0781C3}.AppStore|ARM.Deploy.0 = Release|Any CPU
		{0B1EB1B5-665D-4F18-B4DC-DF690A0781C3}.AppStore|iPhone.ActiveCfg = Release|Any CPU
		{0B1EB1B5-665D-4F18-B4DC-DF690A0781C3}.AppStore|iPhone.Build.0 = Release|Any CPU
		{0B1EB1B5-665D-4F18-B4DC-DF690A0781C3}.AppStore|iPhone.Deploy.0 = Release|Any CPU
		{0B1EB1B5-665D-4F18-B4DC-DF690A0781C3}.AppStore|iPhoneSimulator.ActiveCfg = Release|Any CPU
		{0B1EB1B5-665D-4F18-B4DC-DF690A0781C3}.AppStore|iPhoneSimulator.Build.0 = Release|Any CPU
		{0B1EB1B5-665D-4F18-B4DC-DF690A0781C3}.AppStore|iPhoneSimulator.Deploy.0 = Release|Any CPU
		{0B1EB1B5-665D-4F18-B4DC-DF690A0781C3}.AppStore|x64.ActiveCfg = Release|Any CPU
		{0B1EB1B5-665D-4F18-B4DC-DF690A0781C3}.AppStore|x64.Build.0 = Release|Any CPU
		{0B1EB1B5-665D-4F18-B4DC-DF690A0781C3}.AppStore|x64.Deploy.0 = Release|Any CPU
		{0B1EB1B5-665D-4F18-B4DC-DF690A0781C3}.AppStore|x86.ActiveCfg = Release|Any CPU
		{0B1EB1B5-665D-4F18-B4DC-DF690A0781C3}.AppStore|x86.Build.0 = Release|Any CPU
		{0B1EB1B5-665D-4F18-B4DC-DF690A0781C3}.AppStore|x86.Deploy.0 = Release|Any CPU
		{0B1EB1B5-665D-4F18-B4DC-DF690A0781C3}.Debug|Any CPU.ActiveCfg = Debug|Any CPU
		{0B1EB1B5-665D-4F18-B4DC-DF690A0781C3}.Debug|Any CPU.Build.0 = Debug|Any CPU
		{0B1EB1B5-665D-4F18-B4DC-DF690A0781C3}.Debug|Any CPU.Deploy.0 = Debug|Any CPU
		{0B1EB1B5-665D-4F18-B4DC-DF690A0781C3}.Debug|ARM.ActiveCfg = Debug|Any CPU
		{0B1EB1B5-665D-4F18-B4DC-DF690A0781C3}.Debug|ARM.Build.0 = Debug|Any CPU
		{0B1EB1B5-665D-4F18-B4DC-DF690A0781C3}.Debug|ARM.Deploy.0 = Debug|Any CPU
		{0B1EB1B5-665D-4F18-B4DC-DF690A0781C3}.Debug|iPhone.ActiveCfg = Debug|Any CPU
		{0B1EB1B5-665D-4F18-B4DC-DF690A0781C3}.Debug|iPhone.Build.0 = Debug|Any CPU
		{0B1EB1B5-665D-4F18-B4DC-DF690A0781C3}.Debug|iPhone.Deploy.0 = Debug|Any CPU
		{0B1EB1B5-665D-4F18-B4DC-DF690A0781C3}.Debug|iPhoneSimulator.ActiveCfg = Debug|Any CPU
		{0B1EB1B5-665D-4F18-B4DC-DF690A0781C3}.Debug|iPhoneSimulator.Build.0 = Debug|Any CPU
		{0B1EB1B5-665D-4F18-B4DC-DF690A0781C3}.Debug|iPhoneSimulator.Deploy.0 = Debug|Any CPU
		{0B1EB1B5-665D-4F18-B4DC-DF690A0781C3}.Debug|x64.ActiveCfg = Debug|Any CPU
		{0B1EB1B5-665D-4F18-B4DC-DF690A0781C3}.Debug|x64.Build.0 = Debug|Any CPU
		{0B1EB1B5-665D-4F18-B4DC-DF690A0781C3}.Debug|x64.Deploy.0 = Debug|Any CPU
		{0B1EB1B5-665D-4F18-B4DC-DF690A0781C3}.Debug|x86.ActiveCfg = Debug|Any CPU
		{0B1EB1B5-665D-4F18-B4DC-DF690A0781C3}.Debug|x86.Build.0 = Debug|Any CPU
		{0B1EB1B5-665D-4F18-B4DC-DF690A0781C3}.Debug|x86.Deploy.0 = Debug|Any CPU
		{0B1EB1B5-665D-4F18-B4DC-DF690A0781C3}.Release|Any CPU.ActiveCfg = Release|Any CPU
		{0B1EB1B5-665D-4F18-B4DC-DF690A0781C3}.Release|Any CPU.Build.0 = Release|Any CPU
		{0B1EB1B5-665D-4F18-B4DC-DF690A0781C3}.Release|Any CPU.Deploy.0 = Release|Any CPU
		{0B1EB1B5-665D-4F18-B4DC-DF690A0781C3}.Release|ARM.ActiveCfg = Release|Any CPU
		{0B1EB1B5-665D-4F18-B4DC-DF690A0781C3}.Release|ARM.Build.0 = Release|Any CPU
		{0B1EB1B5-665D-4F18-B4DC-DF690A0781C3}.Release|ARM.Deploy.0 = Release|Any CPU
		{0B1EB1B5-665D-4F18-B4DC-DF690A0781C3}.Release|iPhone.ActiveCfg = Release|Any CPU
		{0B1EB1B5-665D-4F18-B4DC-DF690A0781C3}.Release|iPhone.Build.0 = Release|Any CPU
		{0B1EB1B5-665D-4F18-B4DC-DF690A0781C3}.Release|iPhone.Deploy.0 = Release|Any CPU
		{0B1EB1B5-665D-4F18-B4DC-DF690A0781C3}.Release|iPhoneSimulator.ActiveCfg = Release|Any CPU
		{0B1EB1B5-665D-4F18-B4DC-DF690A0781C3}.Release|iPhoneSimulator.Build.0 = Release|Any CPU
		{0B1EB1B5-665D-4F18-B4DC-DF690A0781C3}.Release|iPhoneSimulator.Deploy.0 = Release|Any CPU
		{0B1EB1B5-665D-4F18-B4DC-DF690A0781C3}.Release|x64.ActiveCfg = Release|Any CPU
		{0B1EB1B5-665D-4F18-B4DC-DF690A0781C3}.Release|x64.Build.0 = Release|Any CPU
		{0B1EB1B5-665D-4F18-B4DC-DF690A0781C3}.Release|x64.Deploy.0 = Release|Any CPU
		{0B1EB1B5-665D-4F18-B4DC-DF690A0781C3}.Release|x86.ActiveCfg = Release|Any CPU
		{0B1EB1B5-665D-4F18-B4DC-DF690A0781C3}.Release|x86.Build.0 = Release|Any CPU
		{0B1EB1B5-665D-4F18-B4DC-DF690A0781C3}.Release|x86.Deploy.0 = Release|Any CPU
		{B5F9906C-5000-4796-9D35-7A8FB839579A}.Ad-Hoc|Any CPU.ActiveCfg = Release|Any CPU
		{B5F9906C-5000-4796-9D35-7A8FB839579A}.Ad-Hoc|Any CPU.Build.0 = Release|Any CPU
		{B5F9906C-5000-4796-9D35-7A8FB839579A}.Ad-Hoc|ARM.ActiveCfg = Release|Any CPU
		{B5F9906C-5000-4796-9D35-7A8FB839579A}.Ad-Hoc|ARM.Build.0 = Release|Any CPU
		{B5F9906C-5000-4796-9D35-7A8FB839579A}.Ad-Hoc|iPhone.ActiveCfg = Release|Any CPU
		{B5F9906C-5000-4796-9D35-7A8FB839579A}.Ad-Hoc|iPhone.Build.0 = Release|Any CPU
		{B5F9906C-5000-4796-9D35-7A8FB839579A}.Ad-Hoc|iPhoneSimulator.ActiveCfg = Release|Any CPU
		{B5F9906C-5000-4796-9D35-7A8FB839579A}.Ad-Hoc|iPhoneSimulator.Build.0 = Release|Any CPU
		{B5F9906C-5000-4796-9D35-7A8FB839579A}.Ad-Hoc|x64.ActiveCfg = Release|Any CPU
		{B5F9906C-5000-4796-9D35-7A8FB839579A}.Ad-Hoc|x64.Build.0 = Release|Any CPU
		{B5F9906C-5000-4796-9D35-7A8FB839579A}.Ad-Hoc|x86.ActiveCfg = Release|Any CPU
		{B5F9906C-5000-4796-9D35-7A8FB839579A}.Ad-Hoc|x86.Build.0 = Release|Any CPU
		{B5F9906C-5000-4796-9D35-7A8FB839579A}.AppStore|Any CPU.ActiveCfg = Release|Any CPU
		{B5F9906C-5000-4796-9D35-7A8FB839579A}.AppStore|Any CPU.Build.0 = Release|Any CPU
		{B5F9906C-5000-4796-9D35-7A8FB839579A}.AppStore|ARM.ActiveCfg = Release|Any CPU
		{B5F9906C-5000-4796-9D35-7A8FB839579A}.AppStore|ARM.Build.0 = Release|Any CPU
		{B5F9906C-5000-4796-9D35-7A8FB839579A}.AppStore|iPhone.ActiveCfg = Release|Any CPU
		{B5F9906C-5000-4796-9D35-7A8FB839579A}.AppStore|iPhone.Build.0 = Release|Any CPU
		{B5F9906C-5000-4796-9D35-7A8FB839579A}.AppStore|iPhoneSimulator.ActiveCfg = Release|Any CPU
		{B5F9906C-5000-4796-9D35-7A8FB839579A}.AppStore|iPhoneSimulator.Build.0 = Release|Any CPU
		{B5F9906C-5000-4796-9D35-7A8FB839579A}.AppStore|x64.ActiveCfg = Release|Any CPU
		{B5F9906C-5000-4796-9D35-7A8FB839579A}.AppStore|x64.Build.0 = Release|Any CPU
		{B5F9906C-5000-4796-9D35-7A8FB839579A}.AppStore|x86.ActiveCfg = Release|Any CPU
		{B5F9906C-5000-4796-9D35-7A8FB839579A}.AppStore|x86.Build.0 = Release|Any CPU
		{B5F9906C-5000-4796-9D35-7A8FB839579A}.Debug|Any CPU.ActiveCfg = Debug|Any CPU
		{B5F9906C-5000-4796-9D35-7A8FB839579A}.Debug|Any CPU.Build.0 = Debug|Any CPU
		{B5F9906C-5000-4796-9D35-7A8FB839579A}.Debug|ARM.ActiveCfg = Debug|Any CPU
		{B5F9906C-5000-4796-9D35-7A8FB839579A}.Debug|ARM.Build.0 = Debug|Any CPU
		{B5F9906C-5000-4796-9D35-7A8FB839579A}.Debug|iPhone.ActiveCfg = Debug|Any CPU
		{B5F9906C-5000-4796-9D35-7A8FB839579A}.Debug|iPhone.Build.0 = Debug|Any CPU
		{B5F9906C-5000-4796-9D35-7A8FB839579A}.Debug|iPhoneSimulator.ActiveCfg = Debug|Any CPU
		{B5F9906C-5000-4796-9D35-7A8FB839579A}.Debug|iPhoneSimulator.Build.0 = Debug|Any CPU
		{B5F9906C-5000-4796-9D35-7A8FB839579A}.Debug|x64.ActiveCfg = Debug|Any CPU
		{B5F9906C-5000-4796-9D35-7A8FB839579A}.Debug|x64.Build.0 = Debug|Any CPU
		{B5F9906C-5000-4796-9D35-7A8FB839579A}.Debug|x86.ActiveCfg = Debug|Any CPU
		{B5F9906C-5000-4796-9D35-7A8FB839579A}.Debug|x86.Build.0 = Debug|Any CPU
		{B5F9906C-5000-4796-9D35-7A8FB839579A}.Release|Any CPU.ActiveCfg = Release|Any CPU
		{B5F9906C-5000-4796-9D35-7A8FB839579A}.Release|Any CPU.Build.0 = Release|Any CPU
		{B5F9906C-5000-4796-9D35-7A8FB839579A}.Release|ARM.ActiveCfg = Release|Any CPU
		{B5F9906C-5000-4796-9D35-7A8FB839579A}.Release|ARM.Build.0 = Release|Any CPU
		{B5F9906C-5000-4796-9D35-7A8FB839579A}.Release|iPhone.ActiveCfg = Release|Any CPU
		{B5F9906C-5000-4796-9D35-7A8FB839579A}.Release|iPhone.Build.0 = Release|Any CPU
		{B5F9906C-5000-4796-9D35-7A8FB839579A}.Release|iPhoneSimulator.ActiveCfg = Release|Any CPU
		{B5F9906C-5000-4796-9D35-7A8FB839579A}.Release|iPhoneSimulator.Build.0 = Release|Any CPU
		{B5F9906C-5000-4796-9D35-7A8FB839579A}.Release|x64.ActiveCfg = Release|Any CPU
		{B5F9906C-5000-4796-9D35-7A8FB839579A}.Release|x64.Build.0 = Release|Any CPU
		{B5F9906C-5000-4796-9D35-7A8FB839579A}.Release|x86.ActiveCfg = Release|Any CPU
		{B5F9906C-5000-4796-9D35-7A8FB839579A}.Release|x86.Build.0 = Release|Any CPU
		{15B9E509-DE4C-456A-8444-1094DB037138}.Ad-Hoc|Any CPU.ActiveCfg = Ad-Hoc|iPhoneSimulator
		{15B9E509-DE4C-456A-8444-1094DB037138}.Ad-Hoc|ARM.ActiveCfg = Ad-Hoc|iPhone
		{15B9E509-DE4C-456A-8444-1094DB037138}.Ad-Hoc|iPhone.ActiveCfg = Ad-Hoc|iPhone
		{15B9E509-DE4C-456A-8444-1094DB037138}.Ad-Hoc|iPhone.Build.0 = Ad-Hoc|iPhone
		{15B9E509-DE4C-456A-8444-1094DB037138}.Ad-Hoc|iPhoneSimulator.ActiveCfg = Ad-Hoc|iPhoneSimulator
		{15B9E509-DE4C-456A-8444-1094DB037138}.Ad-Hoc|iPhoneSimulator.Build.0 = Ad-Hoc|iPhoneSimulator
		{15B9E509-DE4C-456A-8444-1094DB037138}.Ad-Hoc|x64.ActiveCfg = Ad-Hoc|iPhone
		{15B9E509-DE4C-456A-8444-1094DB037138}.Ad-Hoc|x86.ActiveCfg = Ad-Hoc|iPhone
		{15B9E509-DE4C-456A-8444-1094DB037138}.AppStore|Any CPU.ActiveCfg = AppStore|iPhoneSimulator
		{15B9E509-DE4C-456A-8444-1094DB037138}.AppStore|ARM.ActiveCfg = AppStore|iPhone
		{15B9E509-DE4C-456A-8444-1094DB037138}.AppStore|iPhone.ActiveCfg = AppStore|iPhone
		{15B9E509-DE4C-456A-8444-1094DB037138}.AppStore|iPhone.Build.0 = AppStore|iPhone
		{15B9E509-DE4C-456A-8444-1094DB037138}.AppStore|iPhoneSimulator.ActiveCfg = AppStore|iPhoneSimulator
		{15B9E509-DE4C-456A-8444-1094DB037138}.AppStore|iPhoneSimulator.Build.0 = AppStore|iPhoneSimulator
		{15B9E509-DE4C-456A-8444-1094DB037138}.AppStore|x64.ActiveCfg = AppStore|iPhone
		{15B9E509-DE4C-456A-8444-1094DB037138}.AppStore|x86.ActiveCfg = AppStore|iPhone
		{15B9E509-DE4C-456A-8444-1094DB037138}.Debug|Any CPU.ActiveCfg = Debug|iPhoneSimulator
		{15B9E509-DE4C-456A-8444-1094DB037138}.Debug|ARM.ActiveCfg = Debug|iPhone
		{15B9E509-DE4C-456A-8444-1094DB037138}.Debug|iPhone.ActiveCfg = Debug|iPhone
		{15B9E509-DE4C-456A-8444-1094DB037138}.Debug|iPhone.Build.0 = Debug|iPhone
		{15B9E509-DE4C-456A-8444-1094DB037138}.Debug|iPhoneSimulator.ActiveCfg = Debug|iPhoneSimulator
		{15B9E509-DE4C-456A-8444-1094DB037138}.Debug|iPhoneSimulator.Build.0 = Debug|iPhoneSimulator
		{15B9E509-DE4C-456A-8444-1094DB037138}.Debug|x64.ActiveCfg = Debug|iPhone
		{15B9E509-DE4C-456A-8444-1094DB037138}.Debug|x86.ActiveCfg = Debug|iPhone
		{15B9E509-DE4C-456A-8444-1094DB037138}.Release|Any CPU.ActiveCfg = Release|iPhoneSimulator
		{15B9E509-DE4C-456A-8444-1094DB037138}.Release|ARM.ActiveCfg = Release|iPhone
		{15B9E509-DE4C-456A-8444-1094DB037138}.Release|iPhone.ActiveCfg = Release|iPhone
		{15B9E509-DE4C-456A-8444-1094DB037138}.Release|iPhone.Build.0 = Release|iPhone
		{15B9E509-DE4C-456A-8444-1094DB037138}.Release|iPhoneSimulator.ActiveCfg = Release|iPhoneSimulator
		{15B9E509-DE4C-456A-8444-1094DB037138}.Release|iPhoneSimulator.Build.0 = Release|iPhoneSimulator
		{15B9E509-DE4C-456A-8444-1094DB037138}.Release|x64.ActiveCfg = Release|iPhone
		{15B9E509-DE4C-456A-8444-1094DB037138}.Release|x86.ActiveCfg = Release|iPhone
		{E3C6D4AA-CE75-4861-8D31-4AB218A7B6B4}.Ad-Hoc|Any CPU.ActiveCfg = Release|Any CPU
		{E3C6D4AA-CE75-4861-8D31-4AB218A7B6B4}.Ad-Hoc|Any CPU.Build.0 = Release|Any CPU
		{E3C6D4AA-CE75-4861-8D31-4AB218A7B6B4}.Ad-Hoc|ARM.ActiveCfg = Release|Any CPU
		{E3C6D4AA-CE75-4861-8D31-4AB218A7B6B4}.Ad-Hoc|ARM.Build.0 = Release|Any CPU
		{E3C6D4AA-CE75-4861-8D31-4AB218A7B6B4}.Ad-Hoc|iPhone.ActiveCfg = Release|Any CPU
		{E3C6D4AA-CE75-4861-8D31-4AB218A7B6B4}.Ad-Hoc|iPhone.Build.0 = Release|Any CPU
		{E3C6D4AA-CE75-4861-8D31-4AB218A7B6B4}.Ad-Hoc|iPhoneSimulator.ActiveCfg = Release|Any CPU
		{E3C6D4AA-CE75-4861-8D31-4AB218A7B6B4}.Ad-Hoc|iPhoneSimulator.Build.0 = Release|Any CPU
		{E3C6D4AA-CE75-4861-8D31-4AB218A7B6B4}.Ad-Hoc|x64.ActiveCfg = Release|Any CPU
		{E3C6D4AA-CE75-4861-8D31-4AB218A7B6B4}.Ad-Hoc|x64.Build.0 = Release|Any CPU
		{E3C6D4AA-CE75-4861-8D31-4AB218A7B6B4}.Ad-Hoc|x86.ActiveCfg = Release|Any CPU
		{E3C6D4AA-CE75-4861-8D31-4AB218A7B6B4}.Ad-Hoc|x86.Build.0 = Release|Any CPU
		{E3C6D4AA-CE75-4861-8D31-4AB218A7B6B4}.AppStore|Any CPU.ActiveCfg = Release|Any CPU
		{E3C6D4AA-CE75-4861-8D31-4AB218A7B6B4}.AppStore|Any CPU.Build.0 = Release|Any CPU
		{E3C6D4AA-CE75-4861-8D31-4AB218A7B6B4}.AppStore|ARM.ActiveCfg = Release|Any CPU
		{E3C6D4AA-CE75-4861-8D31-4AB218A7B6B4}.AppStore|ARM.Build.0 = Release|Any CPU
		{E3C6D4AA-CE75-4861-8D31-4AB218A7B6B4}.AppStore|iPhone.ActiveCfg = Release|Any CPU
		{E3C6D4AA-CE75-4861-8D31-4AB218A7B6B4}.AppStore|iPhone.Build.0 = Release|Any CPU
		{E3C6D4AA-CE75-4861-8D31-4AB218A7B6B4}.AppStore|iPhoneSimulator.ActiveCfg = Release|Any CPU
		{E3C6D4AA-CE75-4861-8D31-4AB218A7B6B4}.AppStore|iPhoneSimulator.Build.0 = Release|Any CPU
		{E3C6D4AA-CE75-4861-8D31-4AB218A7B6B4}.AppStore|x64.ActiveCfg = Release|Any CPU
		{E3C6D4AA-CE75-4861-8D31-4AB218A7B6B4}.AppStore|x64.Build.0 = Release|Any CPU
		{E3C6D4AA-CE75-4861-8D31-4AB218A7B6B4}.AppStore|x86.ActiveCfg = Release|Any CPU
		{E3C6D4AA-CE75-4861-8D31-4AB218A7B6B4}.AppStore|x86.Build.0 = Release|Any CPU
		{E3C6D4AA-CE75-4861-8D31-4AB218A7B6B4}.Debug|Any CPU.ActiveCfg = Debug|Any CPU
		{E3C6D4AA-CE75-4861-8D31-4AB218A7B6B4}.Debug|Any CPU.Build.0 = Debug|Any CPU
		{E3C6D4AA-CE75-4861-8D31-4AB218A7B6B4}.Debug|ARM.ActiveCfg = Debug|Any CPU
		{E3C6D4AA-CE75-4861-8D31-4AB218A7B6B4}.Debug|ARM.Build.0 = Debug|Any CPU
		{E3C6D4AA-CE75-4861-8D31-4AB218A7B6B4}.Debug|iPhone.ActiveCfg = Debug|Any CPU
		{E3C6D4AA-CE75-4861-8D31-4AB218A7B6B4}.Debug|iPhone.Build.0 = Debug|Any CPU
		{E3C6D4AA-CE75-4861-8D31-4AB218A7B6B4}.Debug|iPhoneSimulator.ActiveCfg = Debug|Any CPU
		{E3C6D4AA-CE75-4861-8D31-4AB218A7B6B4}.Debug|iPhoneSimulator.Build.0 = Debug|Any CPU
		{E3C6D4AA-CE75-4861-8D31-4AB218A7B6B4}.Debug|x64.ActiveCfg = Debug|Any CPU
		{E3C6D4AA-CE75-4861-8D31-4AB218A7B6B4}.Debug|x64.Build.0 = Debug|Any CPU
		{E3C6D4AA-CE75-4861-8D31-4AB218A7B6B4}.Debug|x86.ActiveCfg = Debug|Any CPU
		{E3C6D4AA-CE75-4861-8D31-4AB218A7B6B4}.Debug|x86.Build.0 = Debug|Any CPU
		{E3C6D4AA-CE75-4861-8D31-4AB218A7B6B4}.Release|Any CPU.ActiveCfg = Release|Any CPU
		{E3C6D4AA-CE75-4861-8D31-4AB218A7B6B4}.Release|Any CPU.Build.0 = Release|Any CPU
		{E3C6D4AA-CE75-4861-8D31-4AB218A7B6B4}.Release|ARM.ActiveCfg = Release|Any CPU
		{E3C6D4AA-CE75-4861-8D31-4AB218A7B6B4}.Release|ARM.Build.0 = Release|Any CPU
		{E3C6D4AA-CE75-4861-8D31-4AB218A7B6B4}.Release|iPhone.ActiveCfg = Release|Any CPU
		{E3C6D4AA-CE75-4861-8D31-4AB218A7B6B4}.Release|iPhone.Build.0 = Release|Any CPU
		{E3C6D4AA-CE75-4861-8D31-4AB218A7B6B4}.Release|iPhoneSimulator.ActiveCfg = Release|Any CPU
		{E3C6D4AA-CE75-4861-8D31-4AB218A7B6B4}.Release|iPhoneSimulator.Build.0 = Release|Any CPU
		{E3C6D4AA-CE75-4861-8D31-4AB218A7B6B4}.Release|x64.ActiveCfg = Release|Any CPU
		{E3C6D4AA-CE75-4861-8D31-4AB218A7B6B4}.Release|x64.Build.0 = Release|Any CPU
		{E3C6D4AA-CE75-4861-8D31-4AB218A7B6B4}.Release|x86.ActiveCfg = Release|Any CPU
		{E3C6D4AA-CE75-4861-8D31-4AB218A7B6B4}.Release|x86.Build.0 = Release|Any CPU
		{3FE63E7F-15EA-4A5A-AF46-E86AA8D1238C}.Ad-Hoc|Any CPU.ActiveCfg = Release|Any CPU
		{3FE63E7F-15EA-4A5A-AF46-E86AA8D1238C}.Ad-Hoc|Any CPU.Build.0 = Release|Any CPU
		{3FE63E7F-15EA-4A5A-AF46-E86AA8D1238C}.Ad-Hoc|ARM.ActiveCfg = Release|Any CPU
		{3FE63E7F-15EA-4A5A-AF46-E86AA8D1238C}.Ad-Hoc|ARM.Build.0 = Release|Any CPU
		{3FE63E7F-15EA-4A5A-AF46-E86AA8D1238C}.Ad-Hoc|iPhone.ActiveCfg = Release|Any CPU
		{3FE63E7F-15EA-4A5A-AF46-E86AA8D1238C}.Ad-Hoc|iPhone.Build.0 = Release|Any CPU
		{3FE63E7F-15EA-4A5A-AF46-E86AA8D1238C}.Ad-Hoc|iPhoneSimulator.ActiveCfg = Release|Any CPU
		{3FE63E7F-15EA-4A5A-AF46-E86AA8D1238C}.Ad-Hoc|iPhoneSimulator.Build.0 = Release|Any CPU
		{3FE63E7F-15EA-4A5A-AF46-E86AA8D1238C}.Ad-Hoc|x64.ActiveCfg = Release|Any CPU
		{3FE63E7F-15EA-4A5A-AF46-E86AA8D1238C}.Ad-Hoc|x64.Build.0 = Release|Any CPU
		{3FE63E7F-15EA-4A5A-AF46-E86AA8D1238C}.Ad-Hoc|x86.ActiveCfg = Release|Any CPU
		{3FE63E7F-15EA-4A5A-AF46-E86AA8D1238C}.Ad-Hoc|x86.Build.0 = Release|Any CPU
		{3FE63E7F-15EA-4A5A-AF46-E86AA8D1238C}.AppStore|Any CPU.ActiveCfg = Release|Any CPU
		{3FE63E7F-15EA-4A5A-AF46-E86AA8D1238C}.AppStore|Any CPU.Build.0 = Release|Any CPU
		{3FE63E7F-15EA-4A5A-AF46-E86AA8D1238C}.AppStore|ARM.ActiveCfg = Release|Any CPU
		{3FE63E7F-15EA-4A5A-AF46-E86AA8D1238C}.AppStore|ARM.Build.0 = Release|Any CPU
		{3FE63E7F-15EA-4A5A-AF46-E86AA8D1238C}.AppStore|iPhone.ActiveCfg = Release|Any CPU
		{3FE63E7F-15EA-4A5A-AF46-E86AA8D1238C}.AppStore|iPhone.Build.0 = Release|Any CPU
		{3FE63E7F-15EA-4A5A-AF46-E86AA8D1238C}.AppStore|iPhoneSimulator.ActiveCfg = Release|Any CPU
		{3FE63E7F-15EA-4A5A-AF46-E86AA8D1238C}.AppStore|iPhoneSimulator.Build.0 = Release|Any CPU
		{3FE63E7F-15EA-4A5A-AF46-E86AA8D1238C}.AppStore|x64.ActiveCfg = Release|Any CPU
		{3FE63E7F-15EA-4A5A-AF46-E86AA8D1238C}.AppStore|x64.Build.0 = Release|Any CPU
		{3FE63E7F-15EA-4A5A-AF46-E86AA8D1238C}.AppStore|x86.ActiveCfg = Release|Any CPU
		{3FE63E7F-15EA-4A5A-AF46-E86AA8D1238C}.AppStore|x86.Build.0 = Release|Any CPU
		{3FE63E7F-15EA-4A5A-AF46-E86AA8D1238C}.Debug|Any CPU.ActiveCfg = Debug|Any CPU
		{3FE63E7F-15EA-4A5A-AF46-E86AA8D1238C}.Debug|Any CPU.Build.0 = Debug|Any CPU
		{3FE63E7F-15EA-4A5A-AF46-E86AA8D1238C}.Debug|ARM.ActiveCfg = Debug|Any CPU
		{3FE63E7F-15EA-4A5A-AF46-E86AA8D1238C}.Debug|ARM.Build.0 = Debug|Any CPU
		{3FE63E7F-15EA-4A5A-AF46-E86AA8D1238C}.Debug|iPhone.ActiveCfg = Debug|Any CPU
		{3FE63E7F-15EA-4A5A-AF46-E86AA8D1238C}.Debug|iPhone.Build.0 = Debug|Any CPU
		{3FE63E7F-15EA-4A5A-AF46-E86AA8D1238C}.Debug|iPhoneSimulator.ActiveCfg = Debug|Any CPU
		{3FE63E7F-15EA-4A5A-AF46-E86AA8D1238C}.Debug|iPhoneSimulator.Build.0 = Debug|Any CPU
		{3FE63E7F-15EA-4A5A-AF46-E86AA8D1238C}.Debug|x64.ActiveCfg = Debug|Any CPU
		{3FE63E7F-15EA-4A5A-AF46-E86AA8D1238C}.Debug|x64.Build.0 = Debug|Any CPU
		{3FE63E7F-15EA-4A5A-AF46-E86AA8D1238C}.Debug|x86.ActiveCfg = Debug|Any CPU
		{3FE63E7F-15EA-4A5A-AF46-E86AA8D1238C}.Debug|x86.Build.0 = Debug|Any CPU
		{3FE63E7F-15EA-4A5A-AF46-E86AA8D1238C}.Release|Any CPU.ActiveCfg = Release|Any CPU
		{3FE63E7F-15EA-4A5A-AF46-E86AA8D1238C}.Release|Any CPU.Build.0 = Release|Any CPU
		{3FE63E7F-15EA-4A5A-AF46-E86AA8D1238C}.Release|ARM.ActiveCfg = Release|Any CPU
		{3FE63E7F-15EA-4A5A-AF46-E86AA8D1238C}.Release|ARM.Build.0 = Release|Any CPU
		{3FE63E7F-15EA-4A5A-AF46-E86AA8D1238C}.Release|iPhone.ActiveCfg = Release|Any CPU
		{3FE63E7F-15EA-4A5A-AF46-E86AA8D1238C}.Release|iPhone.Build.0 = Release|Any CPU
		{3FE63E7F-15EA-4A5A-AF46-E86AA8D1238C}.Release|iPhoneSimulator.ActiveCfg = Release|Any CPU
		{3FE63E7F-15EA-4A5A-AF46-E86AA8D1238C}.Release|iPhoneSimulator.Build.0 = Release|Any CPU
		{3FE63E7F-15EA-4A5A-AF46-E86AA8D1238C}.Release|x64.ActiveCfg = Release|Any CPU
		{3FE63E7F-15EA-4A5A-AF46-E86AA8D1238C}.Release|x64.Build.0 = Release|Any CPU
		{3FE63E7F-15EA-4A5A-AF46-E86AA8D1238C}.Release|x86.ActiveCfg = Release|Any CPU
		{3FE63E7F-15EA-4A5A-AF46-E86AA8D1238C}.Release|x86.Build.0 = Release|Any CPU
		{A73671D4-D825-4F72-B192-5E5893FBC637}.Ad-Hoc|Any CPU.ActiveCfg = Release|Any CPU
		{A73671D4-D825-4F72-B192-5E5893FBC637}.Ad-Hoc|Any CPU.Build.0 = Release|Any CPU
		{A73671D4-D825-4F72-B192-5E5893FBC637}.Ad-Hoc|Any CPU.Deploy.0 = Release|Any CPU
		{A73671D4-D825-4F72-B192-5E5893FBC637}.Ad-Hoc|ARM.ActiveCfg = Release|Any CPU
		{A73671D4-D825-4F72-B192-5E5893FBC637}.Ad-Hoc|ARM.Build.0 = Release|Any CPU
		{A73671D4-D825-4F72-B192-5E5893FBC637}.Ad-Hoc|ARM.Deploy.0 = Release|Any CPU
		{A73671D4-D825-4F72-B192-5E5893FBC637}.Ad-Hoc|iPhone.ActiveCfg = Release|Any CPU
		{A73671D4-D825-4F72-B192-5E5893FBC637}.Ad-Hoc|iPhone.Build.0 = Release|Any CPU
		{A73671D4-D825-4F72-B192-5E5893FBC637}.Ad-Hoc|iPhone.Deploy.0 = Release|Any CPU
		{A73671D4-D825-4F72-B192-5E5893FBC637}.Ad-Hoc|iPhoneSimulator.ActiveCfg = Release|Any CPU
		{A73671D4-D825-4F72-B192-5E5893FBC637}.Ad-Hoc|iPhoneSimulator.Build.0 = Release|Any CPU
		{A73671D4-D825-4F72-B192-5E5893FBC637}.Ad-Hoc|iPhoneSimulator.Deploy.0 = Release|Any CPU
		{A73671D4-D825-4F72-B192-5E5893FBC637}.Ad-Hoc|x64.ActiveCfg = Release|Any CPU
		{A73671D4-D825-4F72-B192-5E5893FBC637}.Ad-Hoc|x64.Build.0 = Release|Any CPU
		{A73671D4-D825-4F72-B192-5E5893FBC637}.Ad-Hoc|x64.Deploy.0 = Release|Any CPU
		{A73671D4-D825-4F72-B192-5E5893FBC637}.Ad-Hoc|x86.ActiveCfg = Release|Any CPU
		{A73671D4-D825-4F72-B192-5E5893FBC637}.Ad-Hoc|x86.Build.0 = Release|Any CPU
		{A73671D4-D825-4F72-B192-5E5893FBC637}.Ad-Hoc|x86.Deploy.0 = Release|Any CPU
		{A73671D4-D825-4F72-B192-5E5893FBC637}.AppStore|Any CPU.ActiveCfg = Release|Any CPU
		{A73671D4-D825-4F72-B192-5E5893FBC637}.AppStore|Any CPU.Build.0 = Release|Any CPU
		{A73671D4-D825-4F72-B192-5E5893FBC637}.AppStore|Any CPU.Deploy.0 = Release|Any CPU
		{A73671D4-D825-4F72-B192-5E5893FBC637}.AppStore|ARM.ActiveCfg = Release|Any CPU
		{A73671D4-D825-4F72-B192-5E5893FBC637}.AppStore|ARM.Build.0 = Release|Any CPU
		{A73671D4-D825-4F72-B192-5E5893FBC637}.AppStore|ARM.Deploy.0 = Release|Any CPU
		{A73671D4-D825-4F72-B192-5E5893FBC637}.AppStore|iPhone.ActiveCfg = Release|Any CPU
		{A73671D4-D825-4F72-B192-5E5893FBC637}.AppStore|iPhone.Build.0 = Release|Any CPU
		{A73671D4-D825-4F72-B192-5E5893FBC637}.AppStore|iPhone.Deploy.0 = Release|Any CPU
		{A73671D4-D825-4F72-B192-5E5893FBC637}.AppStore|iPhoneSimulator.ActiveCfg = Release|Any CPU
		{A73671D4-D825-4F72-B192-5E5893FBC637}.AppStore|iPhoneSimulator.Build.0 = Release|Any CPU
		{A73671D4-D825-4F72-B192-5E5893FBC637}.AppStore|iPhoneSimulator.Deploy.0 = Release|Any CPU
		{A73671D4-D825-4F72-B192-5E5893FBC637}.AppStore|x64.ActiveCfg = Release|Any CPU
		{A73671D4-D825-4F72-B192-5E5893FBC637}.AppStore|x64.Build.0 = Release|Any CPU
		{A73671D4-D825-4F72-B192-5E5893FBC637}.AppStore|x64.Deploy.0 = Release|Any CPU
		{A73671D4-D825-4F72-B192-5E5893FBC637}.AppStore|x86.ActiveCfg = Release|Any CPU
		{A73671D4-D825-4F72-B192-5E5893FBC637}.AppStore|x86.Build.0 = Release|Any CPU
		{A73671D4-D825-4F72-B192-5E5893FBC637}.AppStore|x86.Deploy.0 = Release|Any CPU
		{A73671D4-D825-4F72-B192-5E5893FBC637}.Debug|Any CPU.ActiveCfg = Debug|Any CPU
		{A73671D4-D825-4F72-B192-5E5893FBC637}.Debug|Any CPU.Build.0 = Debug|Any CPU
		{A73671D4-D825-4F72-B192-5E5893FBC637}.Debug|Any CPU.Deploy.0 = Debug|Any CPU
		{A73671D4-D825-4F72-B192-5E5893FBC637}.Debug|ARM.ActiveCfg = Debug|Any CPU
		{A73671D4-D825-4F72-B192-5E5893FBC637}.Debug|ARM.Build.0 = Debug|Any CPU
		{A73671D4-D825-4F72-B192-5E5893FBC637}.Debug|ARM.Deploy.0 = Debug|Any CPU
		{A73671D4-D825-4F72-B192-5E5893FBC637}.Debug|iPhone.ActiveCfg = Debug|Any CPU
		{A73671D4-D825-4F72-B192-5E5893FBC637}.Debug|iPhone.Build.0 = Debug|Any CPU
		{A73671D4-D825-4F72-B192-5E5893FBC637}.Debug|iPhone.Deploy.0 = Debug|Any CPU
		{A73671D4-D825-4F72-B192-5E5893FBC637}.Debug|iPhoneSimulator.ActiveCfg = Debug|Any CPU
		{A73671D4-D825-4F72-B192-5E5893FBC637}.Debug|iPhoneSimulator.Build.0 = Debug|Any CPU
		{A73671D4-D825-4F72-B192-5E5893FBC637}.Debug|iPhoneSimulator.Deploy.0 = Debug|Any CPU
		{A73671D4-D825-4F72-B192-5E5893FBC637}.Debug|x64.ActiveCfg = Debug|Any CPU
		{A73671D4-D825-4F72-B192-5E5893FBC637}.Debug|x64.Build.0 = Debug|Any CPU
		{A73671D4-D825-4F72-B192-5E5893FBC637}.Debug|x64.Deploy.0 = Debug|Any CPU
		{A73671D4-D825-4F72-B192-5E5893FBC637}.Debug|x86.ActiveCfg = Debug|Any CPU
		{A73671D4-D825-4F72-B192-5E5893FBC637}.Debug|x86.Build.0 = Debug|Any CPU
		{A73671D4-D825-4F72-B192-5E5893FBC637}.Debug|x86.Deploy.0 = Debug|Any CPU
		{A73671D4-D825-4F72-B192-5E5893FBC637}.Release|Any CPU.ActiveCfg = Release|Any CPU
		{A73671D4-D825-4F72-B192-5E5893FBC637}.Release|Any CPU.Build.0 = Release|Any CPU
		{A73671D4-D825-4F72-B192-5E5893FBC637}.Release|Any CPU.Deploy.0 = Release|Any CPU
		{A73671D4-D825-4F72-B192-5E5893FBC637}.Release|ARM.ActiveCfg = Release|Any CPU
		{A73671D4-D825-4F72-B192-5E5893FBC637}.Release|ARM.Build.0 = Release|Any CPU
		{A73671D4-D825-4F72-B192-5E5893FBC637}.Release|ARM.Deploy.0 = Release|Any CPU
		{A73671D4-D825-4F72-B192-5E5893FBC637}.Release|iPhone.ActiveCfg = Release|Any CPU
		{A73671D4-D825-4F72-B192-5E5893FBC637}.Release|iPhone.Build.0 = Release|Any CPU
		{A73671D4-D825-4F72-B192-5E5893FBC637}.Release|iPhone.Deploy.0 = Release|Any CPU
		{A73671D4-D825-4F72-B192-5E5893FBC637}.Release|iPhoneSimulator.ActiveCfg = Release|Any CPU
		{A73671D4-D825-4F72-B192-5E5893FBC637}.Release|iPhoneSimulator.Build.0 = Release|Any CPU
		{A73671D4-D825-4F72-B192-5E5893FBC637}.Release|iPhoneSimulator.Deploy.0 = Release|Any CPU
		{A73671D4-D825-4F72-B192-5E5893FBC637}.Release|x64.ActiveCfg = Release|Any CPU
		{A73671D4-D825-4F72-B192-5E5893FBC637}.Release|x64.Build.0 = Release|Any CPU
		{A73671D4-D825-4F72-B192-5E5893FBC637}.Release|x64.Deploy.0 = Release|Any CPU
		{A73671D4-D825-4F72-B192-5E5893FBC637}.Release|x86.ActiveCfg = Release|Any CPU
		{A73671D4-D825-4F72-B192-5E5893FBC637}.Release|x86.Build.0 = Release|Any CPU
		{A73671D4-D825-4F72-B192-5E5893FBC637}.Release|x86.Deploy.0 = Release|Any CPU
		{42A886FA-0D8A-4797-8146-D746F0DF6F3C}.Ad-Hoc|Any CPU.ActiveCfg = Release|Any CPU
		{42A886FA-0D8A-4797-8146-D746F0DF6F3C}.Ad-Hoc|Any CPU.Build.0 = Release|Any CPU
		{42A886FA-0D8A-4797-8146-D746F0DF6F3C}.Ad-Hoc|ARM.ActiveCfg = Release|Any CPU
		{42A886FA-0D8A-4797-8146-D746F0DF6F3C}.Ad-Hoc|ARM.Build.0 = Release|Any CPU
		{42A886FA-0D8A-4797-8146-D746F0DF6F3C}.Ad-Hoc|iPhone.ActiveCfg = Release|Any CPU
		{42A886FA-0D8A-4797-8146-D746F0DF6F3C}.Ad-Hoc|iPhone.Build.0 = Release|Any CPU
		{42A886FA-0D8A-4797-8146-D746F0DF6F3C}.Ad-Hoc|iPhoneSimulator.ActiveCfg = Release|Any CPU
		{42A886FA-0D8A-4797-8146-D746F0DF6F3C}.Ad-Hoc|iPhoneSimulator.Build.0 = Release|Any CPU
		{42A886FA-0D8A-4797-8146-D746F0DF6F3C}.Ad-Hoc|x64.ActiveCfg = Release|Any CPU
		{42A886FA-0D8A-4797-8146-D746F0DF6F3C}.Ad-Hoc|x64.Build.0 = Release|Any CPU
		{42A886FA-0D8A-4797-8146-D746F0DF6F3C}.Ad-Hoc|x86.ActiveCfg = Release|Any CPU
		{42A886FA-0D8A-4797-8146-D746F0DF6F3C}.Ad-Hoc|x86.Build.0 = Release|Any CPU
		{42A886FA-0D8A-4797-8146-D746F0DF6F3C}.AppStore|Any CPU.ActiveCfg = Release|Any CPU
		{42A886FA-0D8A-4797-8146-D746F0DF6F3C}.AppStore|Any CPU.Build.0 = Release|Any CPU
		{42A886FA-0D8A-4797-8146-D746F0DF6F3C}.AppStore|ARM.ActiveCfg = Release|Any CPU
		{42A886FA-0D8A-4797-8146-D746F0DF6F3C}.AppStore|ARM.Build.0 = Release|Any CPU
		{42A886FA-0D8A-4797-8146-D746F0DF6F3C}.AppStore|iPhone.ActiveCfg = Release|Any CPU
		{42A886FA-0D8A-4797-8146-D746F0DF6F3C}.AppStore|iPhone.Build.0 = Release|Any CPU
		{42A886FA-0D8A-4797-8146-D746F0DF6F3C}.AppStore|iPhoneSimulator.ActiveCfg = Release|Any CPU
		{42A886FA-0D8A-4797-8146-D746F0DF6F3C}.AppStore|iPhoneSimulator.Build.0 = Release|Any CPU
		{42A886FA-0D8A-4797-8146-D746F0DF6F3C}.AppStore|x64.ActiveCfg = Release|Any CPU
		{42A886FA-0D8A-4797-8146-D746F0DF6F3C}.AppStore|x64.Build.0 = Release|Any CPU
		{42A886FA-0D8A-4797-8146-D746F0DF6F3C}.AppStore|x86.ActiveCfg = Release|Any CPU
		{42A886FA-0D8A-4797-8146-D746F0DF6F3C}.AppStore|x86.Build.0 = Release|Any CPU
		{42A886FA-0D8A-4797-8146-D746F0DF6F3C}.Debug|Any CPU.ActiveCfg = Debug|Any CPU
		{42A886FA-0D8A-4797-8146-D746F0DF6F3C}.Debug|Any CPU.Build.0 = Debug|Any CPU
		{42A886FA-0D8A-4797-8146-D746F0DF6F3C}.Debug|ARM.ActiveCfg = Debug|Any CPU
		{42A886FA-0D8A-4797-8146-D746F0DF6F3C}.Debug|ARM.Build.0 = Debug|Any CPU
		{42A886FA-0D8A-4797-8146-D746F0DF6F3C}.Debug|iPhone.ActiveCfg = Debug|Any CPU
		{42A886FA-0D8A-4797-8146-D746F0DF6F3C}.Debug|iPhone.Build.0 = Debug|Any CPU
		{42A886FA-0D8A-4797-8146-D746F0DF6F3C}.Debug|iPhoneSimulator.ActiveCfg = Debug|Any CPU
		{42A886FA-0D8A-4797-8146-D746F0DF6F3C}.Debug|iPhoneSimulator.Build.0 = Debug|Any CPU
		{42A886FA-0D8A-4797-8146-D746F0DF6F3C}.Debug|x64.ActiveCfg = Debug|Any CPU
		{42A886FA-0D8A-4797-8146-D746F0DF6F3C}.Debug|x64.Build.0 = Debug|Any CPU
		{42A886FA-0D8A-4797-8146-D746F0DF6F3C}.Debug|x86.ActiveCfg = Debug|Any CPU
		{42A886FA-0D8A-4797-8146-D746F0DF6F3C}.Debug|x86.Build.0 = Debug|Any CPU
		{42A886FA-0D8A-4797-8146-D746F0DF6F3C}.Release|Any CPU.ActiveCfg = Release|Any CPU
		{42A886FA-0D8A-4797-8146-D746F0DF6F3C}.Release|Any CPU.Build.0 = Release|Any CPU
		{42A886FA-0D8A-4797-8146-D746F0DF6F3C}.Release|ARM.ActiveCfg = Release|Any CPU
		{42A886FA-0D8A-4797-8146-D746F0DF6F3C}.Release|ARM.Build.0 = Release|Any CPU
		{42A886FA-0D8A-4797-8146-D746F0DF6F3C}.Release|iPhone.ActiveCfg = Release|Any CPU
		{42A886FA-0D8A-4797-8146-D746F0DF6F3C}.Release|iPhone.Build.0 = Release|Any CPU
		{42A886FA-0D8A-4797-8146-D746F0DF6F3C}.Release|iPhoneSimulator.ActiveCfg = Release|Any CPU
		{42A886FA-0D8A-4797-8146-D746F0DF6F3C}.Release|iPhoneSimulator.Build.0 = Release|Any CPU
		{42A886FA-0D8A-4797-8146-D746F0DF6F3C}.Release|x64.ActiveCfg = Release|Any CPU
		{42A886FA-0D8A-4797-8146-D746F0DF6F3C}.Release|x64.Build.0 = Release|Any CPU
		{42A886FA-0D8A-4797-8146-D746F0DF6F3C}.Release|x86.ActiveCfg = Release|Any CPU
		{42A886FA-0D8A-4797-8146-D746F0DF6F3C}.Release|x86.Build.0 = Release|Any CPU
		{ED6892CE-5EAE-4EEC-954F-059A3EA9E5A9}.Ad-Hoc|Any CPU.ActiveCfg = Release|x86
		{ED6892CE-5EAE-4EEC-954F-059A3EA9E5A9}.Ad-Hoc|Any CPU.Build.0 = Release|x86
		{ED6892CE-5EAE-4EEC-954F-059A3EA9E5A9}.Ad-Hoc|Any CPU.Deploy.0 = Release|x86
		{ED6892CE-5EAE-4EEC-954F-059A3EA9E5A9}.Ad-Hoc|ARM.ActiveCfg = Release|ARM
		{ED6892CE-5EAE-4EEC-954F-059A3EA9E5A9}.Ad-Hoc|ARM.Build.0 = Release|ARM
		{ED6892CE-5EAE-4EEC-954F-059A3EA9E5A9}.Ad-Hoc|ARM.Deploy.0 = Release|ARM
		{ED6892CE-5EAE-4EEC-954F-059A3EA9E5A9}.Ad-Hoc|iPhone.ActiveCfg = Release|x86
		{ED6892CE-5EAE-4EEC-954F-059A3EA9E5A9}.Ad-Hoc|iPhone.Build.0 = Release|x86
		{ED6892CE-5EAE-4EEC-954F-059A3EA9E5A9}.Ad-Hoc|iPhone.Deploy.0 = Release|x86
		{ED6892CE-5EAE-4EEC-954F-059A3EA9E5A9}.Ad-Hoc|iPhoneSimulator.ActiveCfg = Release|x86
		{ED6892CE-5EAE-4EEC-954F-059A3EA9E5A9}.Ad-Hoc|iPhoneSimulator.Build.0 = Release|x86
		{ED6892CE-5EAE-4EEC-954F-059A3EA9E5A9}.Ad-Hoc|iPhoneSimulator.Deploy.0 = Release|x86
		{ED6892CE-5EAE-4EEC-954F-059A3EA9E5A9}.Ad-Hoc|x64.ActiveCfg = Release|x64
		{ED6892CE-5EAE-4EEC-954F-059A3EA9E5A9}.Ad-Hoc|x64.Build.0 = Release|x64
		{ED6892CE-5EAE-4EEC-954F-059A3EA9E5A9}.Ad-Hoc|x64.Deploy.0 = Release|x64
		{ED6892CE-5EAE-4EEC-954F-059A3EA9E5A9}.Ad-Hoc|x86.ActiveCfg = Release|x86
		{ED6892CE-5EAE-4EEC-954F-059A3EA9E5A9}.Ad-Hoc|x86.Build.0 = Release|x86
		{ED6892CE-5EAE-4EEC-954F-059A3EA9E5A9}.Ad-Hoc|x86.Deploy.0 = Release|x86
		{ED6892CE-5EAE-4EEC-954F-059A3EA9E5A9}.AppStore|Any CPU.ActiveCfg = Release|x86
		{ED6892CE-5EAE-4EEC-954F-059A3EA9E5A9}.AppStore|Any CPU.Build.0 = Release|x86
		{ED6892CE-5EAE-4EEC-954F-059A3EA9E5A9}.AppStore|Any CPU.Deploy.0 = Release|x86
		{ED6892CE-5EAE-4EEC-954F-059A3EA9E5A9}.AppStore|ARM.ActiveCfg = Release|ARM
		{ED6892CE-5EAE-4EEC-954F-059A3EA9E5A9}.AppStore|ARM.Build.0 = Release|ARM
		{ED6892CE-5EAE-4EEC-954F-059A3EA9E5A9}.AppStore|ARM.Deploy.0 = Release|ARM
		{ED6892CE-5EAE-4EEC-954F-059A3EA9E5A9}.AppStore|iPhone.ActiveCfg = Release|x86
		{ED6892CE-5EAE-4EEC-954F-059A3EA9E5A9}.AppStore|iPhone.Build.0 = Release|x86
		{ED6892CE-5EAE-4EEC-954F-059A3EA9E5A9}.AppStore|iPhone.Deploy.0 = Release|x86
		{ED6892CE-5EAE-4EEC-954F-059A3EA9E5A9}.AppStore|iPhoneSimulator.ActiveCfg = Release|x86
		{ED6892CE-5EAE-4EEC-954F-059A3EA9E5A9}.AppStore|iPhoneSimulator.Build.0 = Release|x86
		{ED6892CE-5EAE-4EEC-954F-059A3EA9E5A9}.AppStore|iPhoneSimulator.Deploy.0 = Release|x86
		{ED6892CE-5EAE-4EEC-954F-059A3EA9E5A9}.AppStore|x64.ActiveCfg = Release|x64
		{ED6892CE-5EAE-4EEC-954F-059A3EA9E5A9}.AppStore|x64.Build.0 = Release|x64
		{ED6892CE-5EAE-4EEC-954F-059A3EA9E5A9}.AppStore|x64.Deploy.0 = Release|x64
		{ED6892CE-5EAE-4EEC-954F-059A3EA9E5A9}.AppStore|x86.ActiveCfg = Release|x86
		{ED6892CE-5EAE-4EEC-954F-059A3EA9E5A9}.AppStore|x86.Build.0 = Release|x86
		{ED6892CE-5EAE-4EEC-954F-059A3EA9E5A9}.AppStore|x86.Deploy.0 = Release|x86
		{ED6892CE-5EAE-4EEC-954F-059A3EA9E5A9}.Debug|Any CPU.ActiveCfg = Debug|x86
		{ED6892CE-5EAE-4EEC-954F-059A3EA9E5A9}.Debug|ARM.ActiveCfg = Debug|ARM
		{ED6892CE-5EAE-4EEC-954F-059A3EA9E5A9}.Debug|ARM.Build.0 = Debug|ARM
		{ED6892CE-5EAE-4EEC-954F-059A3EA9E5A9}.Debug|ARM.Deploy.0 = Debug|ARM
		{ED6892CE-5EAE-4EEC-954F-059A3EA9E5A9}.Debug|iPhone.ActiveCfg = Debug|x86
		{ED6892CE-5EAE-4EEC-954F-059A3EA9E5A9}.Debug|iPhone.Build.0 = Debug|x86
		{ED6892CE-5EAE-4EEC-954F-059A3EA9E5A9}.Debug|iPhone.Deploy.0 = Debug|x86
		{ED6892CE-5EAE-4EEC-954F-059A3EA9E5A9}.Debug|iPhoneSimulator.ActiveCfg = Debug|x86
		{ED6892CE-5EAE-4EEC-954F-059A3EA9E5A9}.Debug|x64.ActiveCfg = Debug|x64
		{ED6892CE-5EAE-4EEC-954F-059A3EA9E5A9}.Debug|x64.Build.0 = Debug|x64
		{ED6892CE-5EAE-4EEC-954F-059A3EA9E5A9}.Debug|x64.Deploy.0 = Debug|x64
		{ED6892CE-5EAE-4EEC-954F-059A3EA9E5A9}.Debug|x86.ActiveCfg = Debug|x86
		{ED6892CE-5EAE-4EEC-954F-059A3EA9E5A9}.Debug|x86.Build.0 = Debug|x86
		{ED6892CE-5EAE-4EEC-954F-059A3EA9E5A9}.Debug|x86.Deploy.0 = Debug|x86
		{ED6892CE-5EAE-4EEC-954F-059A3EA9E5A9}.Release|Any CPU.ActiveCfg = Release|x86
		{ED6892CE-5EAE-4EEC-954F-059A3EA9E5A9}.Release|ARM.ActiveCfg = Release|ARM
		{ED6892CE-5EAE-4EEC-954F-059A3EA9E5A9}.Release|ARM.Build.0 = Release|ARM
		{ED6892CE-5EAE-4EEC-954F-059A3EA9E5A9}.Release|ARM.Deploy.0 = Release|ARM
		{ED6892CE-5EAE-4EEC-954F-059A3EA9E5A9}.Release|iPhone.ActiveCfg = Release|x86
		{ED6892CE-5EAE-4EEC-954F-059A3EA9E5A9}.Release|iPhoneSimulator.ActiveCfg = Release|x86
		{ED6892CE-5EAE-4EEC-954F-059A3EA9E5A9}.Release|x64.ActiveCfg = Release|x64
		{ED6892CE-5EAE-4EEC-954F-059A3EA9E5A9}.Release|x64.Build.0 = Release|x64
		{ED6892CE-5EAE-4EEC-954F-059A3EA9E5A9}.Release|x64.Deploy.0 = Release|x64
		{ED6892CE-5EAE-4EEC-954F-059A3EA9E5A9}.Release|x86.ActiveCfg = Release|x86
		{ED6892CE-5EAE-4EEC-954F-059A3EA9E5A9}.Release|x86.Build.0 = Release|x86
		{ED6892CE-5EAE-4EEC-954F-059A3EA9E5A9}.Release|x86.Deploy.0 = Release|x86
		{8C609EB7-3D8A-4697-955A-D6AEE88ACD00}.Ad-Hoc|Any CPU.ActiveCfg = Ad-Hoc|iPhoneSimulator
		{8C609EB7-3D8A-4697-955A-D6AEE88ACD00}.Ad-Hoc|ARM.ActiveCfg = Ad-Hoc|iPhone
		{8C609EB7-3D8A-4697-955A-D6AEE88ACD00}.Ad-Hoc|iPhone.ActiveCfg = Ad-Hoc|iPhone
		{8C609EB7-3D8A-4697-955A-D6AEE88ACD00}.Ad-Hoc|iPhone.Build.0 = Ad-Hoc|iPhone
		{8C609EB7-3D8A-4697-955A-D6AEE88ACD00}.Ad-Hoc|iPhoneSimulator.ActiveCfg = Ad-Hoc|iPhoneSimulator
		{8C609EB7-3D8A-4697-955A-D6AEE88ACD00}.Ad-Hoc|iPhoneSimulator.Build.0 = Ad-Hoc|iPhoneSimulator
		{8C609EB7-3D8A-4697-955A-D6AEE88ACD00}.Ad-Hoc|x64.ActiveCfg = Ad-Hoc|iPhone
		{8C609EB7-3D8A-4697-955A-D6AEE88ACD00}.Ad-Hoc|x86.ActiveCfg = Ad-Hoc|iPhone
		{8C609EB7-3D8A-4697-955A-D6AEE88ACD00}.AppStore|Any CPU.ActiveCfg = AppStore|iPhoneSimulator
		{8C609EB7-3D8A-4697-955A-D6AEE88ACD00}.AppStore|ARM.ActiveCfg = AppStore|iPhone
		{8C609EB7-3D8A-4697-955A-D6AEE88ACD00}.AppStore|iPhone.ActiveCfg = AppStore|iPhone
		{8C609EB7-3D8A-4697-955A-D6AEE88ACD00}.AppStore|iPhone.Build.0 = AppStore|iPhone
		{8C609EB7-3D8A-4697-955A-D6AEE88ACD00}.AppStore|iPhoneSimulator.ActiveCfg = AppStore|iPhoneSimulator
		{8C609EB7-3D8A-4697-955A-D6AEE88ACD00}.AppStore|iPhoneSimulator.Build.0 = AppStore|iPhoneSimulator
		{8C609EB7-3D8A-4697-955A-D6AEE88ACD00}.AppStore|x64.ActiveCfg = AppStore|iPhone
		{8C609EB7-3D8A-4697-955A-D6AEE88ACD00}.AppStore|x86.ActiveCfg = AppStore|iPhone
		{8C609EB7-3D8A-4697-955A-D6AEE88ACD00}.Debug|Any CPU.ActiveCfg = Debug|iPhoneSimulator
		{8C609EB7-3D8A-4697-955A-D6AEE88ACD00}.Debug|ARM.ActiveCfg = Debug|iPhone
		{8C609EB7-3D8A-4697-955A-D6AEE88ACD00}.Debug|iPhone.ActiveCfg = Debug|iPhone
		{8C609EB7-3D8A-4697-955A-D6AEE88ACD00}.Debug|iPhone.Build.0 = Debug|iPhone
		{8C609EB7-3D8A-4697-955A-D6AEE88ACD00}.Debug|iPhoneSimulator.ActiveCfg = Debug|iPhoneSimulator
		{8C609EB7-3D8A-4697-955A-D6AEE88ACD00}.Debug|iPhoneSimulator.Build.0 = Debug|iPhoneSimulator
		{8C609EB7-3D8A-4697-955A-D6AEE88ACD00}.Debug|x64.ActiveCfg = Debug|iPhone
		{8C609EB7-3D8A-4697-955A-D6AEE88ACD00}.Debug|x86.ActiveCfg = Debug|iPhone
		{8C609EB7-3D8A-4697-955A-D6AEE88ACD00}.Release|Any CPU.ActiveCfg = Release|iPhoneSimulator
		{8C609EB7-3D8A-4697-955A-D6AEE88ACD00}.Release|ARM.ActiveCfg = Release|iPhone
		{8C609EB7-3D8A-4697-955A-D6AEE88ACD00}.Release|iPhone.ActiveCfg = Release|iPhone
		{8C609EB7-3D8A-4697-955A-D6AEE88ACD00}.Release|iPhone.Build.0 = Release|iPhone
		{8C609EB7-3D8A-4697-955A-D6AEE88ACD00}.Release|iPhoneSimulator.ActiveCfg = Release|iPhoneSimulator
		{8C609EB7-3D8A-4697-955A-D6AEE88ACD00}.Release|iPhoneSimulator.Build.0 = Release|iPhoneSimulator
		{8C609EB7-3D8A-4697-955A-D6AEE88ACD00}.Release|x64.ActiveCfg = Release|iPhone
		{8C609EB7-3D8A-4697-955A-D6AEE88ACD00}.Release|x86.ActiveCfg = Release|iPhone
		{BBEA4ABE-4181-49CB-B819-B2C1E1D56829}.Ad-Hoc|Any CPU.ActiveCfg = Release|x64
		{BBEA4ABE-4181-49CB-B819-B2C1E1D56829}.Ad-Hoc|Any CPU.Build.0 = Release|x64
		{BBEA4ABE-4181-49CB-B819-B2C1E1D56829}.Ad-Hoc|Any CPU.Deploy.0 = Release|x64
		{BBEA4ABE-4181-49CB-B819-B2C1E1D56829}.Ad-Hoc|ARM.ActiveCfg = Release|ARM
		{BBEA4ABE-4181-49CB-B819-B2C1E1D56829}.Ad-Hoc|ARM.Build.0 = Release|ARM
		{BBEA4ABE-4181-49CB-B819-B2C1E1D56829}.Ad-Hoc|ARM.Deploy.0 = Release|ARM
		{BBEA4ABE-4181-49CB-B819-B2C1E1D56829}.Ad-Hoc|iPhone.ActiveCfg = Release|x64
		{BBEA4ABE-4181-49CB-B819-B2C1E1D56829}.Ad-Hoc|iPhone.Build.0 = Release|x64
		{BBEA4ABE-4181-49CB-B819-B2C1E1D56829}.Ad-Hoc|iPhone.Deploy.0 = Release|x64
		{BBEA4ABE-4181-49CB-B819-B2C1E1D56829}.Ad-Hoc|iPhoneSimulator.ActiveCfg = Release|x64
		{BBEA4ABE-4181-49CB-B819-B2C1E1D56829}.Ad-Hoc|iPhoneSimulator.Build.0 = Release|x64
		{BBEA4ABE-4181-49CB-B819-B2C1E1D56829}.Ad-Hoc|iPhoneSimulator.Deploy.0 = Release|x64
		{BBEA4ABE-4181-49CB-B819-B2C1E1D56829}.Ad-Hoc|x64.ActiveCfg = Release|x64
		{BBEA4ABE-4181-49CB-B819-B2C1E1D56829}.Ad-Hoc|x64.Build.0 = Release|x64
		{BBEA4ABE-4181-49CB-B819-B2C1E1D56829}.Ad-Hoc|x64.Deploy.0 = Release|x64
		{BBEA4ABE-4181-49CB-B819-B2C1E1D56829}.Ad-Hoc|x86.ActiveCfg = Release|x86
		{BBEA4ABE-4181-49CB-B819-B2C1E1D56829}.Ad-Hoc|x86.Build.0 = Release|x86
		{BBEA4ABE-4181-49CB-B819-B2C1E1D56829}.Ad-Hoc|x86.Deploy.0 = Release|x86
		{BBEA4ABE-4181-49CB-B819-B2C1E1D56829}.AppStore|Any CPU.ActiveCfg = Release|x64
		{BBEA4ABE-4181-49CB-B819-B2C1E1D56829}.AppStore|Any CPU.Build.0 = Release|x64
		{BBEA4ABE-4181-49CB-B819-B2C1E1D56829}.AppStore|Any CPU.Deploy.0 = Release|x64
		{BBEA4ABE-4181-49CB-B819-B2C1E1D56829}.AppStore|ARM.ActiveCfg = Release|ARM
		{BBEA4ABE-4181-49CB-B819-B2C1E1D56829}.AppStore|ARM.Build.0 = Release|ARM
		{BBEA4ABE-4181-49CB-B819-B2C1E1D56829}.AppStore|ARM.Deploy.0 = Release|ARM
		{BBEA4ABE-4181-49CB-B819-B2C1E1D56829}.AppStore|iPhone.ActiveCfg = Release|x64
		{BBEA4ABE-4181-49CB-B819-B2C1E1D56829}.AppStore|iPhone.Build.0 = Release|x64
		{BBEA4ABE-4181-49CB-B819-B2C1E1D56829}.AppStore|iPhone.Deploy.0 = Release|x64
		{BBEA4ABE-4181-49CB-B819-B2C1E1D56829}.AppStore|iPhoneSimulator.ActiveCfg = Release|x64
		{BBEA4ABE-4181-49CB-B819-B2C1E1D56829}.AppStore|iPhoneSimulator.Build.0 = Release|x64
		{BBEA4ABE-4181-49CB-B819-B2C1E1D56829}.AppStore|iPhoneSimulator.Deploy.0 = Release|x64
		{BBEA4ABE-4181-49CB-B819-B2C1E1D56829}.AppStore|x64.ActiveCfg = Release|x64
		{BBEA4ABE-4181-49CB-B819-B2C1E1D56829}.AppStore|x64.Build.0 = Release|x64
		{BBEA4ABE-4181-49CB-B819-B2C1E1D56829}.AppStore|x64.Deploy.0 = Release|x64
		{BBEA4ABE-4181-49CB-B819-B2C1E1D56829}.AppStore|x86.ActiveCfg = Release|x86
		{BBEA4ABE-4181-49CB-B819-B2C1E1D56829}.AppStore|x86.Build.0 = Release|x86
		{BBEA4ABE-4181-49CB-B819-B2C1E1D56829}.AppStore|x86.Deploy.0 = Release|x86
		{BBEA4ABE-4181-49CB-B819-B2C1E1D56829}.Debug|Any CPU.ActiveCfg = Debug|x86
		{BBEA4ABE-4181-49CB-B819-B2C1E1D56829}.Debug|ARM.ActiveCfg = Debug|ARM
		{BBEA4ABE-4181-49CB-B819-B2C1E1D56829}.Debug|ARM.Build.0 = Debug|ARM
		{BBEA4ABE-4181-49CB-B819-B2C1E1D56829}.Debug|ARM.Deploy.0 = Debug|ARM
		{BBEA4ABE-4181-49CB-B819-B2C1E1D56829}.Debug|iPhone.ActiveCfg = Debug|x86
		{BBEA4ABE-4181-49CB-B819-B2C1E1D56829}.Debug|iPhoneSimulator.ActiveCfg = Debug|x86
		{BBEA4ABE-4181-49CB-B819-B2C1E1D56829}.Debug|x64.ActiveCfg = Debug|x64
		{BBEA4ABE-4181-49CB-B819-B2C1E1D56829}.Debug|x64.Build.0 = Debug|x64
		{BBEA4ABE-4181-49CB-B819-B2C1E1D56829}.Debug|x64.Deploy.0 = Debug|x64
		{BBEA4ABE-4181-49CB-B819-B2C1E1D56829}.Debug|x86.ActiveCfg = Debug|x86
		{BBEA4ABE-4181-49CB-B819-B2C1E1D56829}.Debug|x86.Build.0 = Debug|x86
		{BBEA4ABE-4181-49CB-B819-B2C1E1D56829}.Debug|x86.Deploy.0 = Debug|x86
		{BBEA4ABE-4181-49CB-B819-B2C1E1D56829}.Release|Any CPU.ActiveCfg = Release|x86
		{BBEA4ABE-4181-49CB-B819-B2C1E1D56829}.Release|ARM.ActiveCfg = Release|ARM
		{BBEA4ABE-4181-49CB-B819-B2C1E1D56829}.Release|ARM.Build.0 = Release|ARM
		{BBEA4ABE-4181-49CB-B819-B2C1E1D56829}.Release|ARM.Deploy.0 = Release|ARM
		{BBEA4ABE-4181-49CB-B819-B2C1E1D56829}.Release|iPhone.ActiveCfg = Release|x86
		{BBEA4ABE-4181-49CB-B819-B2C1E1D56829}.Release|iPhoneSimulator.ActiveCfg = Release|x86
		{BBEA4ABE-4181-49CB-B819-B2C1E1D56829}.Release|x64.ActiveCfg = Release|x64
		{BBEA4ABE-4181-49CB-B819-B2C1E1D56829}.Release|x64.Build.0 = Release|x64
		{BBEA4ABE-4181-49CB-B819-B2C1E1D56829}.Release|x64.Deploy.0 = Release|x64
		{BBEA4ABE-4181-49CB-B819-B2C1E1D56829}.Release|x86.ActiveCfg = Release|x86
		{BBEA4ABE-4181-49CB-B819-B2C1E1D56829}.Release|x86.Build.0 = Release|x86
		{BBEA4ABE-4181-49CB-B819-B2C1E1D56829}.Release|x86.Deploy.0 = Release|x86
		{B337BC1C-0A5C-4BA0-87ED-3DF5415E0F25}.Ad-Hoc|Any CPU.ActiveCfg = Release|Any CPU
		{B337BC1C-0A5C-4BA0-87ED-3DF5415E0F25}.Ad-Hoc|Any CPU.Build.0 = Release|Any CPU
		{B337BC1C-0A5C-4BA0-87ED-3DF5415E0F25}.Ad-Hoc|ARM.ActiveCfg = Release|Any CPU
		{B337BC1C-0A5C-4BA0-87ED-3DF5415E0F25}.Ad-Hoc|ARM.Build.0 = Release|Any CPU
		{B337BC1C-0A5C-4BA0-87ED-3DF5415E0F25}.Ad-Hoc|iPhone.ActiveCfg = Release|Any CPU
		{B337BC1C-0A5C-4BA0-87ED-3DF5415E0F25}.Ad-Hoc|iPhone.Build.0 = Release|Any CPU
		{B337BC1C-0A5C-4BA0-87ED-3DF5415E0F25}.Ad-Hoc|iPhoneSimulator.ActiveCfg = Release|Any CPU
		{B337BC1C-0A5C-4BA0-87ED-3DF5415E0F25}.Ad-Hoc|iPhoneSimulator.Build.0 = Release|Any CPU
		{B337BC1C-0A5C-4BA0-87ED-3DF5415E0F25}.Ad-Hoc|x64.ActiveCfg = Release|Any CPU
		{B337BC1C-0A5C-4BA0-87ED-3DF5415E0F25}.Ad-Hoc|x64.Build.0 = Release|Any CPU
		{B337BC1C-0A5C-4BA0-87ED-3DF5415E0F25}.Ad-Hoc|x86.ActiveCfg = Release|Any CPU
		{B337BC1C-0A5C-4BA0-87ED-3DF5415E0F25}.Ad-Hoc|x86.Build.0 = Release|Any CPU
		{B337BC1C-0A5C-4BA0-87ED-3DF5415E0F25}.AppStore|Any CPU.ActiveCfg = Release|Any CPU
		{B337BC1C-0A5C-4BA0-87ED-3DF5415E0F25}.AppStore|Any CPU.Build.0 = Release|Any CPU
		{B337BC1C-0A5C-4BA0-87ED-3DF5415E0F25}.AppStore|ARM.ActiveCfg = Release|Any CPU
		{B337BC1C-0A5C-4BA0-87ED-3DF5415E0F25}.AppStore|ARM.Build.0 = Release|Any CPU
		{B337BC1C-0A5C-4BA0-87ED-3DF5415E0F25}.AppStore|iPhone.ActiveCfg = Release|Any CPU
		{B337BC1C-0A5C-4BA0-87ED-3DF5415E0F25}.AppStore|iPhone.Build.0 = Release|Any CPU
		{B337BC1C-0A5C-4BA0-87ED-3DF5415E0F25}.AppStore|iPhoneSimulator.ActiveCfg = Release|Any CPU
		{B337BC1C-0A5C-4BA0-87ED-3DF5415E0F25}.AppStore|iPhoneSimulator.Build.0 = Release|Any CPU
		{B337BC1C-0A5C-4BA0-87ED-3DF5415E0F25}.AppStore|x64.ActiveCfg = Release|Any CPU
		{B337BC1C-0A5C-4BA0-87ED-3DF5415E0F25}.AppStore|x64.Build.0 = Release|Any CPU
		{B337BC1C-0A5C-4BA0-87ED-3DF5415E0F25}.AppStore|x86.ActiveCfg = Release|Any CPU
		{B337BC1C-0A5C-4BA0-87ED-3DF5415E0F25}.AppStore|x86.Build.0 = Release|Any CPU
		{B337BC1C-0A5C-4BA0-87ED-3DF5415E0F25}.Debug|Any CPU.ActiveCfg = Debug|Any CPU
		{B337BC1C-0A5C-4BA0-87ED-3DF5415E0F25}.Debug|Any CPU.Build.0 = Debug|Any CPU
		{B337BC1C-0A5C-4BA0-87ED-3DF5415E0F25}.Debug|ARM.ActiveCfg = Debug|Any CPU
		{B337BC1C-0A5C-4BA0-87ED-3DF5415E0F25}.Debug|ARM.Build.0 = Debug|Any CPU
		{B337BC1C-0A5C-4BA0-87ED-3DF5415E0F25}.Debug|iPhone.ActiveCfg = Debug|Any CPU
		{B337BC1C-0A5C-4BA0-87ED-3DF5415E0F25}.Debug|iPhone.Build.0 = Debug|Any CPU
		{B337BC1C-0A5C-4BA0-87ED-3DF5415E0F25}.Debug|iPhoneSimulator.ActiveCfg = Debug|Any CPU
		{B337BC1C-0A5C-4BA0-87ED-3DF5415E0F25}.Debug|iPhoneSimulator.Build.0 = Debug|Any CPU
		{B337BC1C-0A5C-4BA0-87ED-3DF5415E0F25}.Debug|x64.ActiveCfg = Debug|Any CPU
		{B337BC1C-0A5C-4BA0-87ED-3DF5415E0F25}.Debug|x64.Build.0 = Debug|Any CPU
		{B337BC1C-0A5C-4BA0-87ED-3DF5415E0F25}.Debug|x86.ActiveCfg = Debug|Any CPU
		{B337BC1C-0A5C-4BA0-87ED-3DF5415E0F25}.Debug|x86.Build.0 = Debug|Any CPU
		{B337BC1C-0A5C-4BA0-87ED-3DF5415E0F25}.Release|Any CPU.ActiveCfg = Release|Any CPU
		{B337BC1C-0A5C-4BA0-87ED-3DF5415E0F25}.Release|Any CPU.Build.0 = Release|Any CPU
		{B337BC1C-0A5C-4BA0-87ED-3DF5415E0F25}.Release|ARM.ActiveCfg = Release|Any CPU
		{B337BC1C-0A5C-4BA0-87ED-3DF5415E0F25}.Release|ARM.Build.0 = Release|Any CPU
		{B337BC1C-0A5C-4BA0-87ED-3DF5415E0F25}.Release|iPhone.ActiveCfg = Release|Any CPU
		{B337BC1C-0A5C-4BA0-87ED-3DF5415E0F25}.Release|iPhone.Build.0 = Release|Any CPU
		{B337BC1C-0A5C-4BA0-87ED-3DF5415E0F25}.Release|iPhoneSimulator.ActiveCfg = Release|Any CPU
		{B337BC1C-0A5C-4BA0-87ED-3DF5415E0F25}.Release|iPhoneSimulator.Build.0 = Release|Any CPU
		{B337BC1C-0A5C-4BA0-87ED-3DF5415E0F25}.Release|x64.ActiveCfg = Release|Any CPU
		{B337BC1C-0A5C-4BA0-87ED-3DF5415E0F25}.Release|x64.Build.0 = Release|Any CPU
		{B337BC1C-0A5C-4BA0-87ED-3DF5415E0F25}.Release|x86.ActiveCfg = Release|Any CPU
		{B337BC1C-0A5C-4BA0-87ED-3DF5415E0F25}.Release|x86.Build.0 = Release|Any CPU
		{F68A8EE8-EC85-4E0B-B65E-2386860DD5D3}.Ad-Hoc|Any CPU.ActiveCfg = Release|Any CPU
		{F68A8EE8-EC85-4E0B-B65E-2386860DD5D3}.Ad-Hoc|Any CPU.Build.0 = Release|Any CPU
		{F68A8EE8-EC85-4E0B-B65E-2386860DD5D3}.Ad-Hoc|ARM.ActiveCfg = Release|Any CPU
		{F68A8EE8-EC85-4E0B-B65E-2386860DD5D3}.Ad-Hoc|ARM.Build.0 = Release|Any CPU
		{F68A8EE8-EC85-4E0B-B65E-2386860DD5D3}.Ad-Hoc|iPhone.ActiveCfg = Release|Any CPU
		{F68A8EE8-EC85-4E0B-B65E-2386860DD5D3}.Ad-Hoc|iPhone.Build.0 = Release|Any CPU
		{F68A8EE8-EC85-4E0B-B65E-2386860DD5D3}.Ad-Hoc|iPhoneSimulator.ActiveCfg = Release|Any CPU
		{F68A8EE8-EC85-4E0B-B65E-2386860DD5D3}.Ad-Hoc|iPhoneSimulator.Build.0 = Release|Any CPU
		{F68A8EE8-EC85-4E0B-B65E-2386860DD5D3}.Ad-Hoc|x64.ActiveCfg = Release|Any CPU
		{F68A8EE8-EC85-4E0B-B65E-2386860DD5D3}.Ad-Hoc|x64.Build.0 = Release|Any CPU
		{F68A8EE8-EC85-4E0B-B65E-2386860DD5D3}.Ad-Hoc|x86.ActiveCfg = Release|Any CPU
		{F68A8EE8-EC85-4E0B-B65E-2386860DD5D3}.Ad-Hoc|x86.Build.0 = Release|Any CPU
		{F68A8EE8-EC85-4E0B-B65E-2386860DD5D3}.AppStore|Any CPU.ActiveCfg = Release|Any CPU
		{F68A8EE8-EC85-4E0B-B65E-2386860DD5D3}.AppStore|Any CPU.Build.0 = Release|Any CPU
		{F68A8EE8-EC85-4E0B-B65E-2386860DD5D3}.AppStore|ARM.ActiveCfg = Release|Any CPU
		{F68A8EE8-EC85-4E0B-B65E-2386860DD5D3}.AppStore|ARM.Build.0 = Release|Any CPU
		{F68A8EE8-EC85-4E0B-B65E-2386860DD5D3}.AppStore|iPhone.ActiveCfg = Release|Any CPU
		{F68A8EE8-EC85-4E0B-B65E-2386860DD5D3}.AppStore|iPhone.Build.0 = Release|Any CPU
		{F68A8EE8-EC85-4E0B-B65E-2386860DD5D3}.AppStore|iPhoneSimulator.ActiveCfg = Release|Any CPU
		{F68A8EE8-EC85-4E0B-B65E-2386860DD5D3}.AppStore|iPhoneSimulator.Build.0 = Release|Any CPU
		{F68A8EE8-EC85-4E0B-B65E-2386860DD5D3}.AppStore|x64.ActiveCfg = Release|Any CPU
		{F68A8EE8-EC85-4E0B-B65E-2386860DD5D3}.AppStore|x64.Build.0 = Release|Any CPU
		{F68A8EE8-EC85-4E0B-B65E-2386860DD5D3}.AppStore|x86.ActiveCfg = Release|Any CPU
		{F68A8EE8-EC85-4E0B-B65E-2386860DD5D3}.AppStore|x86.Build.0 = Release|Any CPU
		{F68A8EE8-EC85-4E0B-B65E-2386860DD5D3}.Debug|Any CPU.ActiveCfg = Debug|Any CPU
		{F68A8EE8-EC85-4E0B-B65E-2386860DD5D3}.Debug|Any CPU.Build.0 = Debug|Any CPU
		{F68A8EE8-EC85-4E0B-B65E-2386860DD5D3}.Debug|ARM.ActiveCfg = Debug|Any CPU
		{F68A8EE8-EC85-4E0B-B65E-2386860DD5D3}.Debug|ARM.Build.0 = Debug|Any CPU
		{F68A8EE8-EC85-4E0B-B65E-2386860DD5D3}.Debug|iPhone.ActiveCfg = Debug|Any CPU
		{F68A8EE8-EC85-4E0B-B65E-2386860DD5D3}.Debug|iPhone.Build.0 = Debug|Any CPU
		{F68A8EE8-EC85-4E0B-B65E-2386860DD5D3}.Debug|iPhoneSimulator.ActiveCfg = Debug|Any CPU
		{F68A8EE8-EC85-4E0B-B65E-2386860DD5D3}.Debug|iPhoneSimulator.Build.0 = Debug|Any CPU
		{F68A8EE8-EC85-4E0B-B65E-2386860DD5D3}.Debug|x64.ActiveCfg = Debug|Any CPU
		{F68A8EE8-EC85-4E0B-B65E-2386860DD5D3}.Debug|x64.Build.0 = Debug|Any CPU
		{F68A8EE8-EC85-4E0B-B65E-2386860DD5D3}.Debug|x86.ActiveCfg = Debug|Any CPU
		{F68A8EE8-EC85-4E0B-B65E-2386860DD5D3}.Debug|x86.Build.0 = Debug|Any CPU
		{F68A8EE8-EC85-4E0B-B65E-2386860DD5D3}.Release|Any CPU.ActiveCfg = Release|Any CPU
		{F68A8EE8-EC85-4E0B-B65E-2386860DD5D3}.Release|Any CPU.Build.0 = Release|Any CPU
		{F68A8EE8-EC85-4E0B-B65E-2386860DD5D3}.Release|ARM.ActiveCfg = Release|Any CPU
		{F68A8EE8-EC85-4E0B-B65E-2386860DD5D3}.Release|ARM.Build.0 = Release|Any CPU
		{F68A8EE8-EC85-4E0B-B65E-2386860DD5D3}.Release|iPhone.ActiveCfg = Release|Any CPU
		{F68A8EE8-EC85-4E0B-B65E-2386860DD5D3}.Release|iPhone.Build.0 = Release|Any CPU
		{F68A8EE8-EC85-4E0B-B65E-2386860DD5D3}.Release|iPhoneSimulator.ActiveCfg = Release|Any CPU
		{F68A8EE8-EC85-4E0B-B65E-2386860DD5D3}.Release|iPhoneSimulator.Build.0 = Release|Any CPU
		{F68A8EE8-EC85-4E0B-B65E-2386860DD5D3}.Release|x64.ActiveCfg = Release|Any CPU
		{F68A8EE8-EC85-4E0B-B65E-2386860DD5D3}.Release|x64.Build.0 = Release|Any CPU
		{F68A8EE8-EC85-4E0B-B65E-2386860DD5D3}.Release|x86.ActiveCfg = Release|Any CPU
		{F68A8EE8-EC85-4E0B-B65E-2386860DD5D3}.Release|x86.Build.0 = Release|Any CPU
	EndGlobalSection
	GlobalSection(SolutionProperties) = preSolution
		HideSolutionNode = FALSE
	EndGlobalSection
	GlobalSection(ExtensibilityGlobals) = postSolution
		SolutionGuid = {BA20F039-A557-427F-971C-526A8ACA8284}
	EndGlobalSection
EndGlobal
